
Microsoft Visual Studio Solution File, Format Version 12.00
# Visual Studio 15
VisualStudioVersion = 15.0.26124.0
MinimumVisualStudioVersion = 15.0.26124.0
Project("{FAE04EC0-301F-11D3-BF4B-00C04F79EFBC}") = "Domain", "Domain\Domain.csproj", "{74AC5EC1-FBAF-46E7-812D-D87D33518A60}"
EndProject
Project("{FAE04EC0-301F-11D3-BF4B-00C04F79EFBC}") = "Application", "Application\Application.csproj", "{32DE7FA8-DC57-4B09-A8B4-98941248416D}"
EndProject
Project("{FAE04EC0-301F-11D3-BF4B-00C04F79EFBC}") = "API", "API\API.csproj", "{A8E326F3-A3F9-4B34-9EBE-880A31834127}"
EndProject
Global
	GlobalSection(SolutionConfigurationPlatforms) = preSolution
		Debug|Any CPU = Debug|Any CPU
		Debug|x64 = Debug|x64
		Debug|x86 = Debug|x86
		Release|Any CPU = Release|Any CPU
		Release|x64 = Release|x64
		Release|x86 = Release|x86
	EndGlobalSection
	GlobalSection(SolutionProperties) = preSolution
		HideSolutionNode = FALSE
	EndGlobalSection
	GlobalSection(ProjectConfigurationPlatforms) = postSolution
		{74AC5EC1-FBAF-46E7-812D-D87D33518A60}.Debug|Any CPU.ActiveCfg = Debug|Any CPU
		{74AC5EC1-FBAF-46E7-812D-D87D33518A60}.Debug|Any CPU.Build.0 = Debug|Any CPU
		{74AC5EC1-FBAF-46E7-812D-D87D33518A60}.Debug|x64.ActiveCfg = Debug|Any CPU
		{74AC5EC1-FBAF-46E7-812D-D87D33518A60}.Debug|x64.Build.0 = Debug|Any CPU
		{74AC5EC1-FBAF-46E7-812D-D87D33518A60}.Debug|x86.ActiveCfg = Debug|Any CPU
		{74AC5EC1-FBAF-46E7-812D-D87D33518A60}.Debug|x86.Build.0 = Debug|Any CPU
		{74AC5EC1-FBAF-46E7-812D-D87D33518A60}.Release|Any CPU.ActiveCfg = Release|Any CPU
		{74AC5EC1-FBAF-46E7-812D-D87D33518A60}.Release|Any CPU.Build.0 = Release|Any CPU
		{74AC5EC1-FBAF-46E7-812D-D87D33518A60}.Release|x64.ActiveCfg = Release|Any CPU
		{74AC5EC1-FBAF-46E7-812D-D87D33518A60}.Release|x64.Build.0 = Release|Any CPU
		{74AC5EC1-FBAF-46E7-812D-D87D33518A60}.Release|x86.ActiveCfg = Release|Any CPU
		{74AC5EC1-FBAF-46E7-812D-D87D33518A60}.Release|x86.Build.0 = Release|Any CPU
		{32DE7FA8-DC57-4B09-A8B4-98941248416D}.Debug|Any CPU.ActiveCfg = Debug|Any CPU
		{32DE7FA8-DC57-4B09-A8B4-98941248416D}.Debug|Any CPU.Build.0 = Debug|Any CPU
		{32DE7FA8-DC57-4B09-A8B4-98941248416D}.Debug|x64.ActiveCfg = Debug|Any CPU
		{32DE7FA8-DC57-4B09-A8B4-98941248416D}.Debug|x64.Build.0 = Debug|Any CPU
		{32DE7FA8-DC57-4B09-A8B4-98941248416D}.Debug|x86.ActiveCfg = Debug|Any CPU
		{32DE7FA8-DC57-4B09-A8B4-98941248416D}.Debug|x86.Build.0 = Debug|Any CPU
		{32DE7FA8-DC57-4B09-A8B4-98941248416D}.Release|Any CPU.ActiveCfg = Release|Any CPU
		{32DE7FA8-DC57-4B09-A8B4-98941248416D}.Release|Any CPU.Build.0 = Release|Any CPU
		{32DE7FA8-DC57-4B09-A8B4-98941248416D}.Release|x64.ActiveCfg = Release|Any CPU
		{32DE7FA8-DC57-4B09-A8B4-98941248416D}.Release|x64.Build.0 = Release|Any CPU
		{32DE7FA8-DC57-4B09-A8B4-98941248416D}.Release|x86.ActiveCfg = Release|Any CPU
		{32DE7FA8-DC57-4B09-A8B4-98941248416D}.Release|x86.Build.0 = Release|Any CPU
		{A8E326F3-A3F9-4B34-9EBE-880A31834127}.Debug|Any CPU.ActiveCfg = Debug|Any CPU
		{A8E326F3-A3F9-4B34-9EBE-880A31834127}.Debug|Any CPU.Build.0 = Debug|Any CPU
		{A8E326F3-A3F9-4B34-9EBE-880A31834127}.Debug|x64.ActiveCfg = Debug|Any CPU
		{A8E326F3-A3F9-4B34-9EBE-880A31834127}.Debug|x64.Build.0 = Debug|Any CPU
		{A8E326F3-A3F9-4B34-9EBE-880A31834127}.Debug|x86.ActiveCfg = Debug|Any CPU
		{A8E326F3-A3F9-4B34-9EBE-880A31834127}.Debug|x86.Build.0 = Debug|Any CPU
		{A8E326F3-A3F9-4B34-9EBE-880A31834127}.Release|Any CPU.ActiveCfg = Release|Any CPU
		{A8E326F3-A3F9-4B34-9EBE-880A31834127}.Release|Any CPU.Build.0 = Release|Any CPU
		{A8E326F3-A3F9-4B34-9EBE-880A31834127}.Release|x64.ActiveCfg = Release|Any CPU
		{A8E326F3-A3F9-4B34-9EBE-880A31834127}.Release|x64.Build.0 = Release|Any CPU
		{A8E326F3-A3F9-4B34-9EBE-880A31834127}.Release|x86.ActiveCfg = Release|Any CPU
		{A8E326F3-A3F9-4B34-9EBE-880A31834127}.Release|x86.Build.0 = Release|Any CPU
	EndGlobalSection
EndGlobal
